// !$*UTF8*$!
{
	archiveVersion = 1;
	classes = {
	};
	objectVersion = 50;
	objects = {

/* Begin PBXBuildFile section */
		7E09FEB7237C8503007C59AB /* AppDelegate.swift in Sources */ = {isa = PBXBuildFile; fileRef = 7E09FEB6237C8503007C59AB /* AppDelegate.swift */; };
		7E09FEB9237C8503007C59AB /* ViewController.swift in Sources */ = {isa = PBXBuildFile; fileRef = 7E09FEB8237C8503007C59AB /* ViewController.swift */; };
		7E09FEBC237C8503007C59AB /* Main.storyboard in Resources */ = {isa = PBXBuildFile; fileRef = 7E09FEBA237C8503007C59AB /* Main.storyboard */; };
		7E09FEBE237C8506007C59AB /* Assets.xcassets in Resources */ = {isa = PBXBuildFile; fileRef = 7E09FEBD237C8506007C59AB /* Assets.xcassets */; };
		7E09FEC1237C8506007C59AB /* LaunchScreen.storyboard in Resources */ = {isa = PBXBuildFile; fileRef = 7E09FEBF237C8506007C59AB /* LaunchScreen.storyboard */; };
		7E09FEC9237CCD76007C59AB /* Token.swift in Sources */ = {isa = PBXBuildFile; fileRef = 7E09FEC8237CCD76007C59AB /* Token.swift */; };
		7EC201252427F58F0072950C /* GoalViewController.swift in Sources */ = {isa = PBXBuildFile; fileRef = 7EC201242427F58F0072950C /* GoalViewController.swift */; };
		7ED2A699242C0E180094BB01 /* Star Board Icon.png in Resources */ = {isa = PBXBuildFile; fileRef = 7ED2A698242C0E180094BB01 /* Star Board Icon.png */; };
/* End PBXBuildFile section */

/* Begin PBXFileReference section */
		7E09FEB3237C8503007C59AB /* Star Board.app */ = {isa = PBXFileReference; explicitFileType = wrapper.application; includeInIndex = 0; path = "Star Board.app"; sourceTree = BUILT_PRODUCTS_DIR; };
		7E09FEB6237C8503007C59AB /* AppDelegate.swift */ = {isa = PBXFileReference; lastKnownFileType = sourcecode.swift; path = AppDelegate.swift; sourceTree = "<group>"; };
		7E09FEB8237C8503007C59AB /* ViewController.swift */ = {isa = PBXFileReference; lastKnownFileType = sourcecode.swift; path = ViewController.swift; sourceTree = "<group>"; };
		7E09FEBB237C8503007C59AB /* Base */ = {isa = PBXFileReference; lastKnownFileType = file.storyboard; name = Base; path = Base.lproj/Main.storyboard; sourceTree = "<group>"; };
		7E09FEBD237C8506007C59AB /* Assets.xcassets */ = {isa = PBXFileReference; lastKnownFileType = folder.assetcatalog; path = Assets.xcassets; sourceTree = "<group>"; };
		7E09FEC0237C8506007C59AB /* Base */ = {isa = PBXFileReference; lastKnownFileType = file.storyboard; name = Base; path = Base.lproj/LaunchScreen.storyboard; sourceTree = "<group>"; };
		7E09FEC2237C8506007C59AB /* Info.plist */ = {isa = PBXFileReference; lastKnownFileType = text.plist.xml; path = Info.plist; sourceTree = "<group>"; };
		7E09FEC8237CCD76007C59AB /* Token.swift */ = {isa = PBXFileReference; lastKnownFileType = sourcecode.swift; path = Token.swift; sourceTree = "<group>"; };
		7EC201242427F58F0072950C /* GoalViewController.swift */ = {isa = PBXFileReference; lastKnownFileType = sourcecode.swift; path = GoalViewController.swift; sourceTree = "<group>"; };
		7ED2A698242C0E180094BB01 /* Star Board Icon.png */ = {isa = PBXFileReference; lastKnownFileType = image.png; path = "Star Board Icon.png"; sourceTree = SOURCE_ROOT; };
/* End PBXFileReference section */

/* Begin PBXFrameworksBuildPhase section */
		7E09FEB0237C8503007C59AB /* Frameworks */ = {
			isa = PBXFrameworksBuildPhase;
			buildActionMask = 2147483647;
			files = (
			);
			runOnlyForDeploymentPostprocessing = 0;
		};
/* End PBXFrameworksBuildPhase section */

/* Begin PBXGroup section */
		7E09FEAA237C8503007C59AB = {
			isa = PBXGroup;
			children = (
				7E09FEB5237C8503007C59AB /* Star Board */,
				7E09FEB4237C8503007C59AB /* Products */,
			);
			sourceTree = "<group>";
		};
		7E09FEB4237C8503007C59AB /* Products */ = {
			isa = PBXGroup;
			children = (
				7E09FEB3237C8503007C59AB /* Star Board.app */,
			);
			name = Products;
			sourceTree = "<group>";
		};
		7E09FEB5237C8503007C59AB /* Star Board */ = {
			isa = PBXGroup;
			children = (
				7E09FEB6237C8503007C59AB /* AppDelegate.swift */,
				7E09FEB8237C8503007C59AB /* ViewController.swift */,
				7EC201242427F58F0072950C /* GoalViewController.swift */,
				7E09FEC8237CCD76007C59AB /* Token.swift */,
				7E09FEBA237C8503007C59AB /* Main.storyboard */,
				7E09FEBD237C8506007C59AB /* Assets.xcassets */,
				7E09FEBF237C8506007C59AB /* LaunchScreen.storyboard */,
				7E09FEC2237C8506007C59AB /* Info.plist */,
				7ED2A698242C0E180094BB01 /* Star Board Icon.png */,
			);
			path = "Star Board";
			sourceTree = "<group>";
		};
/* End PBXGroup section */

/* Begin PBXNativeTarget section */
		7E09FEB2237C8503007C59AB /* Star Board */ = {
			isa = PBXNativeTarget;
			buildConfigurationList = 7E09FEC5237C8506007C59AB /* Build configuration list for PBXNativeTarget "Star Board" */;
			buildPhases = (
				7E09FEAF237C8503007C59AB /* Sources */,
				7E09FEB0237C8503007C59AB /* Frameworks */,
				7E09FEB1237C8503007C59AB /* Resources */,
			);
			buildRules = (
			);
			dependencies = (
			);
			name = "Star Board";
			productName = "Star Board";
			productReference = 7E09FEB3237C8503007C59AB /* Star Board.app */;
			productType = "com.apple.product-type.application";
		};
/* End PBXNativeTarget section */

/* Begin PBXProject section */
		7E09FEAB237C8503007C59AB /* Project object */ = {
			isa = PBXProject;
			attributes = {
				LastSwiftUpdateCheck = 1030;
				LastUpgradeCheck = 1030;
				ORGANIZATIONNAME = "Greg Wu";
				TargetAttributes = {
					7E09FEB2237C8503007C59AB = {
						CreatedOnToolsVersion = 10.3;
					};
				};
			};
			buildConfigurationList = 7E09FEAE237C8503007C59AB /* Build configuration list for PBXProject "Star Board" */;
			compatibilityVersion = "Xcode 9.3";
			developmentRegion = en;
			hasScannedForEncodings = 0;
			knownRegions = (
				en,
				Base,
			);
			mainGroup = 7E09FEAA237C8503007C59AB;
			productRefGroup = 7E09FEB4237C8503007C59AB /* Products */;
			projectDirPath = "";
			projectRoot = "";
			targets = (
				7E09FEB2237C8503007C59AB /* Star Board */,
			);
		};
/* End PBXProject section */

/* Begin PBXResourcesBuildPhase section */
		7E09FEB1237C8503007C59AB /* Resources */ = {
			isa = PBXResourcesBuildPhase;
			buildActionMask = 2147483647;
			files = (
				7E09FEC1237C8506007C59AB /* LaunchScreen.storyboard in Resources */,
				7ED2A699242C0E180094BB01 /* Star Board Icon.png in Resources */,
				7E09FEBE237C8506007C59AB /* Assets.xcassets in Resources */,
				7E09FEBC237C8503007C59AB /* Main.storyboard in Resources */,
			);
			runOnlyForDeploymentPostprocessing = 0;
		};
/* End PBXResourcesBuildPhase section */

/* Begin PBXSourcesBuildPhase section */
		7E09FEAF237C8503007C59AB /* Sources */ = {
			isa = PBXSourcesBuildPhase;
			buildActionMask = 2147483647;
			files = (
				7E09FEC9237CCD76007C59AB /* Token.swift in Sources */,
				7EC201252427F58F0072950C /* GoalViewController.swift in Sources */,
				7E09FEB9237C8503007C59AB /* ViewController.swift in Sources */,
				7E09FEB7237C8503007C59AB /* AppDelegate.swift in Sources */,
			);
			runOnlyForDeploymentPostprocessing = 0;
		};
/* End PBXSourcesBuildPhase section */

/* Begin PBXVariantGroup section */
		7E09FEBA237C8503007C59AB /* Main.storyboard */ = {
			isa = PBXVariantGroup;
			children = (
				7E09FEBB237C8503007C59AB /* Base */,
			);
			name = Main.storyboard;
			sourceTree = "<group>";
		};
		7E09FEBF237C8506007C59AB /* LaunchScreen.storyboard */ = {
			isa = PBXVariantGroup;
			children = (
				7E09FEC0237C8506007C59AB /* Base */,
			);
			name = LaunchScreen.storyboard;
			sourceTree = "<group>";
		};
/* End PBXVariantGroup section */

/* Begin XCBuildConfiguration section */
		7E09FEC3237C8506007C59AB /* Debug */ = {
			isa = XCBuildConfiguration;
			buildSettings = {
				ALWAYS_SEARCH_USER_PATHS = NO;
				CLANG_ANALYZER_NONNULL = YES;
				CLANG_ANALYZER_NUMBER_OBJECT_CONVERSION = YES_AGGRESSIVE;
				CLANG_CXX_LANGUAGE_STANDARD = "gnu++14";
				CLANG_CXX_LIBRARY = "libc++";
				CLANG_ENABLE_MODULES = YES;
				CLANG_ENABLE_OBJC_ARC = YES;
				CLANG_ENABLE_OBJC_WEAK = YES;
				CLANG_WARN_BLOCK_CAPTURE_AUTORELEASING = YES;
				CLANG_WARN_BOOL_CONVERSION = YES;
				CLANG_WARN_COMMA = YES;
				CLANG_WARN_CONSTANT_CONVERSION = YES;
				CLANG_WARN_DEPRECATED_OBJC_IMPLEMENTATIONS = YES;
				CLANG_WARN_DIRECT_OBJC_ISA_USAGE = YES_ERROR;
				CLANG_WARN_DOCUMENTATION_COMMENTS = YES;
				CLANG_WARN_EMPTY_BODY = YES;
				CLANG_WARN_ENUM_CONVERSION = YES;
				CLANG_WARN_INFINITE_RECURSION = YES;
				CLANG_WARN_INT_CONVERSION = YES;
				CLANG_WARN_NON_LITERAL_NULL_CONVERSION = YES;
				CLANG_WARN_OBJC_IMPLICIT_RETAIN_SELF = YES;
				CLANG_WARN_OBJC_LITERAL_CONVERSION = YES;
				CLANG_WARN_OBJC_ROOT_CLASS = YES_ERROR;
				CLANG_WARN_RANGE_LOOP_ANALYSIS = YES;
				CLANG_WARN_STRICT_PROTOTYPES = YES;
				CLANG_WARN_SUSPICIOUS_MOVE = YES;
				CLANG_WARN_UNGUARDED_AVAILABILITY = YES_AGGRESSIVE;
				CLANG_WARN_UNREACHABLE_CODE = YES;
				CLANG_WARN__DUPLICATE_METHOD_MATCH = YES;
				CODE_SIGN_IDENTITY = "iPhone Developer";
				COPY_PHASE_STRIP = NO;
				DEBUG_INFORMATION_FORMAT = dwarf;
				ENABLE_STRICT_OBJC_MSGSEND = YES;
				ENABLE_TESTABILITY = YES;
				GCC_C_LANGUAGE_STANDARD = gnu11;
				GCC_DYNAMIC_NO_PIC = NO;
				GCC_NO_COMMON_BLOCKS = YES;
				GCC_OPTIMIZATION_LEVEL = 0;
				GCC_PREPROCESSOR_DEFINITIONS = (
					"DEBUG=1",
					"$(inherited)",
				);
				GCC_WARN_64_TO_32_BIT_CONVERSION = YES;
				GCC_WARN_ABOUT_RETURN_TYPE = YES_ERROR;
				GCC_WARN_UNDECLARED_SELECTOR = YES;
				GCC_WARN_UNINITIALIZED_AUTOS = YES_AGGRESSIVE;
				GCC_WARN_UNUSED_FUNCTION = YES;
				GCC_WARN_UNUSED_VARIABLE = YES;
				IPHONEOS_DEPLOYMENT_TARGET = 12.4;
				MTL_ENABLE_DEBUG_INFO = INCLUDE_SOURCE;
				MTL_FAST_MATH = YES;
				ONLY_ACTIVE_ARCH = YES;
				SDKROOT = iphoneos;
				SWIFT_ACTIVE_COMPILATION_CONDITIONS = DEBUG;
				SWIFT_OPTIMIZATION_LEVEL = "-Onone";
			};
			name = Debug;
		};
		7E09FEC4237C8506007C59AB /* Release */ = {
			isa = XCBuildConfiguration;
			buildSettings = {
				ALWAYS_SEARCH_USER_PATHS = NO;
				CLANG_ANALYZER_NONNULL = YES;
				CLANG_ANALYZER_NUMBER_OBJECT_CONVERSION = YES_AGGRESSIVE;
				CLANG_CXX_LANGUAGE_STANDARD = "gnu++14";
				CLANG_CXX_LIBRARY = "libc++";
				CLANG_ENABLE_MODULES = YES;
				CLANG_ENABLE_OBJC_ARC = YES;
				CLANG_ENABLE_OBJC_WEAK = YES;
				CLANG_WARN_BLOCK_CAPTURE_AUTORELEASING = YES;
				CLANG_WARN_BOOL_CONVERSION = YES;
				CLANG_WARN_COMMA = YES;
				CLANG_WARN_CONSTANT_CONVERSION = YES;
				CLANG_WARN_DEPRECATED_OBJC_IMPLEMENTATIONS = YES;
				CLANG_WARN_DIRECT_OBJC_ISA_USAGE = YES_ERROR;
				CLANG_WARN_DOCUMENTATION_COMMENTS = YES;
				CLANG_WARN_EMPTY_BODY = YES;
				CLANG_WARN_ENUM_CONVERSION = YES;
				CLANG_WARN_INFINITE_RECURSION = YES;
				CLANG_WARN_INT_CONVERSION = YES;
				CLANG_WARN_NON_LITERAL_NULL_CONVERSION = YES;
				CLANG_WARN_OBJC_IMPLICIT_RETAIN_SELF = YES;
				CLANG_WARN_OBJC_LITERAL_CONVERSION = YES;
				CLANG_WARN_OBJC_ROOT_CLASS = YES_ERROR;
				CLANG_WARN_RANGE_LOOP_ANALYSIS = YES;
				CLANG_WARN_STRICT_PROTOTYPES = YES;
				CLANG_WARN_SUSPICIOUS_MOVE = YES;
				CLANG_WARN_UNGUARDED_AVAILABILITY = YES_AGGRESSIVE;
				CLANG_WARN_UNREACHABLE_CODE = YES;
				CLANG_WARN__DUPLICATE_METHOD_MATCH = YES;
				CODE_SIGN_IDENTITY = "iPhone Developer";
				COPY_PHASE_STRIP = NO;
				DEBUG_INFORMATION_FORMAT = "dwarf-with-dsym";
				ENABLE_NS_ASSERTIONS = NO;
				ENABLE_STRICT_OBJC_MSGSEND = YES;
				GCC_C_LANGUAGE_STANDARD = gnu11;
				GCC_NO_COMMON_BLOCKS = YES;
				GCC_WARN_64_TO_32_BIT_CONVERSION = YES;
				GCC_WARN_ABOUT_RETURN_TYPE = YES_ERROR;
				GCC_WARN_UNDECLARED_SELECTOR = YES;
				GCC_WARN_UNINITIALIZED_AUTOS = YES_AGGRESSIVE;
				GCC_WARN_UNUSED_FUNCTION = YES;
				GCC_WARN_UNUSED_VARIABLE = YES;
				IPHONEOS_DEPLOYMENT_TARGET = 12.4;
				MTL_ENABLE_DEBUG_INFO = NO;
				MTL_FAST_MATH = YES;
				SDKROOT = iphoneos;
				SWIFT_COMPILATION_MODE = wholemodule;
				SWIFT_OPTIMIZATION_LEVEL = "-O";
				VALIDATE_PRODUCT = YES;
			};
			name = Release;
		};
		7E09FEC6237C8506007C59AB /* Debug */ = {
			isa = XCBuildConfiguration;
			buildSettings = {
				ASSETCATALOG_COMPILER_APPICON_NAME = AppIcon;
				CODE_SIGN_STYLE = Automatic;
				DEVELOPMENT_TEAM = R9G33E665C;
				INFOPLIST_FILE = "Star Board/Info.plist";
				LD_RUNPATH_SEARCH_PATHS = (
					"$(inherited)",
					"@executable_path/Frameworks",
				);
				PRODUCT_BUNDLE_IDENTIFIER = "com.gregwu.Star-Board";
				PRODUCT_NAME = "$(TARGET_NAME)";
				SWIFT_VERSION = 5.0;
				TARGETED_DEVICE_FAMILY = 1;
			};
			name = Debug;
		};
		7E09FEC7237C8506007C59AB /* Release */ = {
			isa = XCBuildConfiguration;
			buildSettings = {
				ASSETCATALOG_COMPILER_APPICON_NAME = AppIcon;
				CODE_SIGN_STYLE = Automatic;
				DEVELOPMENT_TEAM = R9G33E665C;
				INFOPLIST_FILE = "Star Board/Info.plist";
				LD_RUNPATH_SEARCH_PATHS = (
					"$(inherited)",
					"@executable_path/Frameworks",
				);
				PRODUCT_BUNDLE_IDENTIFIER = "com.gregwu.Star-Board";
				PRODUCT_NAME = "$(TARGET_NAME)";
				SWIFT_VERSION = 5.0;
				TARGETED_DEVICE_FAMILY = 1;
			};
			name = Release;
		};
/* End XCBuildConfiguration section */

/* Begin XCConfigurationList section */
		7E09FEAE237C8503007C59AB /* Build configuration list for PBXProject "Star Board" */ = {
			isa = XCConfigurationList;
			buildConfigurations = (
				7E09FEC3237C8506007C59AB /* Debug */,
				7E09FEC4237C8506007C59AB /* Release */,
			);
			defaultConfigurationIsVisible = 0;
			defaultConfigurationName = Release;
		};
		7E09FEC5237C8506007C59AB /* Build configuration list for PBXNativeTarget "Star Board" */ = {
			isa = XCConfigurationList;
			buildConfigurations = (
				7E09FEC6237C8506007C59AB /* Debug */,
				7E09FEC7237C8506007C59AB /* Release */,
			);
			defaultConfigurationIsVisible = 0;
			defaultConfigurationName = Release;
		};
/* End XCConfigurationList section */
	};
	rootObject = 7E09FEAB237C8503007C59AB /* Project object */;
}
